<?xml version="1.0" encoding="utf-8"?>
<Project ToolsVersion="4.0" xmlns="http://schemas.microsoft.com/developer/msbuild/2003">
  <ItemGroup>
    <Filter Include="src">
      <UniqueIdentifier>{80e47c1b-930c-4dd2-b432-80675e532703}</UniqueIdentifier>
    </Filter>
  </ItemGroup>
  <ItemGroup>
    <ClCompile Include="src\Test_Portaudio_Libsndfile.cpp">
      <Filter>src</Filter>
    </ClCompile>
  </ItemGroup>
</Project>